
Microsoft Visual Studio Solution File, Format Version 12.00
# Visual Studio Version 17
VisualStudioVersion = 17.6.33829.357
MinimumVisualStudioVersion = 10.0.40219.1
Project("{FAE04EC0-301F-11D3-BF4B-00C04F79EFBC}") = "Parallel Programming with C#", "Parallel Programming with C#\Parallel Programming with C#.csproj", "{21A53938-2035-4B1D-89C4-AD56E4C78F3E}"
EndProject
Project("{2150E333-8FDC-42A3-9474-1A3956D46DE8}") = "Solution Items", "Solution Items", "{F25474B5-6E58-4EF7-B07C-1B079A284E2A}"
	ProjectSection(SolutionItems) = preProject
		readme.md = readme.md
	EndProjectSection
EndProject
Global
	GlobalSection(SolutionConfigurationPlatforms) = preSolution
		Debug|Any CPU = Debug|Any CPU
		Release|Any CPU = Release|Any CPU
	EndGlobalSection
	GlobalSection(ProjectConfigurationPlatforms) = postSolution
		{21A53938-2035-4B1D-89C4-AD56E4C78F3E}.Debug|Any CPU.ActiveCfg = Debug|Any CPU
		{21A53938-2035-4B1D-89C4-AD56E4C78F3E}.Debug|Any CPU.Build.0 = Debug|Any CPU
		{21A53938-2035-4B1D-89C4-AD56E4C78F3E}.Release|Any CPU.ActiveCfg = Release|Any CPU
		{21A53938-2035-4B1D-89C4-AD56E4C78F3E}.Release|Any CPU.Build.0 = Release|Any CPU
	EndGlobalSection
	GlobalSection(SolutionProperties) = preSolution
		HideSolutionNode = FALSE
	EndGlobalSection
	GlobalSection(ExtensibilityGlobals) = postSolution
		SolutionGuid = {4D058840-6E6C-4A09-AA49-FACB2F3598BB}
	EndGlobalSection
EndGlobal
